
Microsoft Visual Studio Solution File, Format Version 12.00
# Visual Studio Version 16
VisualStudioVersion = 16.0.29424.173
MinimumVisualStudioVersion = 10.0.40219.1
Project("{FAE04EC0-301F-11D3-BF4B-00C04F79EFBC}") = "FIFA20 Ultimate Team Autobuyer 2.0", "FIFA20 Ultimate Team Autobuyer\FIFA20 Ultimate Team Autobuyer 2.0.csproj", "{0A92110C-6300-40F6-9733-DC698D9D1F30}"
EndProject
Global
	GlobalSection(SolutionConfigurationPlatforms) = preSolution
		Debug|Any CPU = Debug|Any CPU
		Debug|x86 = Debug|x86
		Release|Any CPU = Release|Any CPU
		Release|x86 = Release|x86
	EndGlobalSection
	GlobalSection(ProjectConfigurationPlatforms) = postSolution
		{0A92110C-6300-40F6-9733-DC698D9D1F30}.Debug|Any CPU.ActiveCfg = Debug|Any CPU
		{0A92110C-6300-40F6-9733-DC698D9D1F30}.Debug|Any CPU.Build.0 = Debug|Any CPU
		{0A92110C-6300-40F6-9733-DC698D9D1F30}.Debug|x86.ActiveCfg = Debug|x86
		{0A92110C-6300-40F6-9733-DC698D9D1F30}.Debug|x86.Build.0 = Debug|x86
		{0A92110C-6300-40F6-9733-DC698D9D1F30}.Release|Any CPU.ActiveCfg = Release|Any CPU
		{0A92110C-6300-40F6-9733-DC698D9D1F30}.Release|Any CPU.Build.0 = Release|Any CPU
		{0A92110C-6300-40F6-9733-DC698D9D1F30}.Release|x86.ActiveCfg = Release|x86
		{0A92110C-6300-40F6-9733-DC698D9D1F30}.Release|x86.Build.0 = Release|x86
	EndGlobalSection
	GlobalSection(SolutionProperties) = preSolution
		HideSolutionNode = FALSE
	EndGlobalSection
	GlobalSection(ExtensibilityGlobals) = postSolution
		SolutionGuid = {B2E94B13-A0BF-4F49-A55D-5683D4C1CDFD}
	EndGlobalSection
EndGlobal
